
Microsoft Visual Studio Solution File, Format Version 12.00
# Visual Studio Version 16
VisualStudioVersion = 16.0.30804.86
MinimumVisualStudioVersion = 10.0.40219.1
Project("{FAE04EC0-301F-11D3-BF4B-00C04F79EFBC}") = "SimpL", "SimpL\SimpL.csproj", "{A4381847-2ACD-4910-A44B-EC6E4F9DE918}"
EndProject
Global
	GlobalSection(SolutionConfigurationPlatforms) = preSolution
		Debug|Any CPU = Debug|Any CPU
		Release|Any CPU = Release|Any CPU
	EndGlobalSection
	GlobalSection(ProjectConfigurationPlatforms) = postSolution
		{A4381847-2ACD-4910-A44B-EC6E4F9DE918}.Debug|Any CPU.ActiveCfg = Debug|Any CPU
		{A4381847-2ACD-4910-A44B-EC6E4F9DE918}.Debug|Any CPU.Build.0 = Debug|Any CPU
		{A4381847-2ACD-4910-A44B-EC6E4F9DE918}.Release|Any CPU.ActiveCfg = Release|Any CPU
		{A4381847-2ACD-4910-A44B-EC6E4F9DE918}.Release|Any CPU.Build.0 = Release|Any CPU
	EndGlobalSection
	GlobalSection(SolutionProperties) = preSolution
		HideSolutionNode = FALSE
	EndGlobalSection
	GlobalSection(ExtensibilityGlobals) = postSolution
		SolutionGuid = {17039BEA-BA1B-4F7A-B97D-F4189B91B574}
	EndGlobalSection
EndGlobal
